// !$*UTF8*$!
{
	archiveVersion = 1;
	classes = {
	};
	objectVersion = 46;
	objects = {

/* Begin PBXBuildFile section */
		30F2A01E1FB302D5000DF2C3 /* main.m in Sources */ = {isa = PBXBuildFile; fileRef = 30F2A01D1FB302D5000DF2C3 /* main.m */; };
		30F2A0211FB302D5000DF2C3 /* AppDelegate.m in Sources */ = {isa = PBXBuildFile; fileRef = 30F2A0201FB302D5000DF2C3 /* AppDelegate.m */; };
		30F2A0241FB302D5000DF2C3 /* ViewController.m in Sources */ = {isa = PBXBuildFile; fileRef = 30F2A0231FB302D5000DF2C3 /* ViewController.m */; };
		30F2A0271FB302D5000DF2C3 /* Main.storyboard in Resources */ = {isa = PBXBuildFile; fileRef = 30F2A0251FB302D5000DF2C3 /* Main.storyboard */; };
		30F2A0291FB302D5000DF2C3 /* Assets.xcassets in Resources */ = {isa = PBXBuildFile; fileRef = 30F2A0281FB302D5000DF2C3 /* Assets.xcassets */; };
		30F2A02C1FB302D5000DF2C3 /* LaunchScreen.storyboard in Resources */ = {isa = PBXBuildFile; fileRef = 30F2A02A1FB302D5000DF2C3 /* LaunchScreen.storyboard */; };
		30F2A0351FB30328000DF2C3 /* PolylineView.m in Sources */ = {isa = PBXBuildFile; fileRef = 30F2A0341FB30328000DF2C3 /* PolylineView.m */; };
		30F2A0381FB303FB000DF2C3 /* MarkModel.m in Sources */ = {isa = PBXBuildFile; fileRef = 30F2A0371FB303FB000DF2C3 /* MarkModel.m */; };
/* End PBXBuildFile section */

/* Begin PBXFileReference section */
		30F2A0191FB302D5000DF2C3 /* LMChart.app */ = {isa = PBXFileReference; explicitFileType = wrapper.application; includeInIndex = 0; path = LMChart.app; sourceTree = BUILT_PRODUCTS_DIR; };
		30F2A01D1FB302D5000DF2C3 /* main.m */ = {isa = PBXFileReference; lastKnownFileType = sourcecode.c.objc; path = main.m; sourceTree = "<group>"; };
		30F2A01F1FB302D5000DF2C3 /* AppDelegate.h */ = {isa = PBXFileReference; lastKnownFileType = sourcecode.c.h; path = AppDelegate.h; sourceTree = "<group>"; };
		30F2A0201FB302D5000DF2C3 /* AppDelegate.m */ = {isa = PBXFileReference; lastKnownFileType = sourcecode.c.objc; path = AppDelegate.m; sourceTree = "<group>"; };
		30F2A0221FB302D5000DF2C3 /* ViewController.h */ = {isa = PBXFileReference; lastKnownFileType = sourcecode.c.h; path = ViewController.h; sourceTree = "<group>"; };
		30F2A0231FB302D5000DF2C3 /* ViewController.m */ = {isa = PBXFileReference; lastKnownFileType = sourcecode.c.objc; path = ViewController.m; sourceTree = "<group>"; };
		30F2A0261FB302D5000DF2C3 /* Base */ = {isa = PBXFileReference; lastKnownFileType = file.storyboard; name = Base; path = Base.lproj/Main.storyboard; sourceTree = "<group>"; };
		30F2A0281FB302D5000DF2C3 /* Assets.xcassets */ = {isa = PBXFileReference; lastKnownFileType = folder.assetcatalog; path = Assets.xcassets; sourceTree = "<group>"; };
		30F2A02B1FB302D5000DF2C3 /* Base */ = {isa = PBXFileReference; lastKnownFileType = file.storyboard; name = Base; path = Base.lproj/LaunchScreen.storyboard; sourceTree = "<group>"; };
		30F2A02D1FB302D5000DF2C3 /* Info.plist */ = {isa = PBXFileReference; lastKnownFileType = text.plist.xml; path = Info.plist; sourceTree = "<group>"; };
		30F2A0331FB30328000DF2C3 /* PolylineView.h */ = {isa = PBXFileReference; fileEncoding = 4; lastKnownFileType = sourcecode.c.h; path = PolylineView.h; sourceTree = "<group>"; };
		30F2A0341FB30328000DF2C3 /* PolylineView.m */ = {isa = PBXFileReference; fileEncoding = 4; lastKnownFileType = sourcecode.c.objc; path = PolylineView.m; sourceTree = "<group>"; };
		30F2A0361FB303FB000DF2C3 /* MarkModel.h */ = {isa = PBXFileReference; fileEncoding = 4; lastKnownFileType = sourcecode.c.h; path = MarkModel.h; sourceTree = "<group>"; };
		30F2A0371FB303FB000DF2C3 /* MarkModel.m */ = {isa = PBXFileReference; fileEncoding = 4; lastKnownFileType = sourcecode.c.objc; path = MarkModel.m; sourceTree = "<group>"; };
/* End PBXFileReference section */

/* Begin PBXFrameworksBuildPhase section */
		30F2A0161FB302D5000DF2C3 /* Frameworks */ = {
			isa = PBXFrameworksBuildPhase;
			buildActionMask = 2147483647;
			files = (
			);
			runOnlyForDeploymentPostprocessing = 0;
		};
/* End PBXFrameworksBuildPhase section */

/* Begin PBXGroup section */
		30F2A0101FB302D5000DF2C3 = {
			isa = PBXGroup;
			children = (
				30F2A01B1FB302D5000DF2C3 /* LMChart */,
				30F2A01A1FB302D5000DF2C3 /* Products */,
			);
			sourceTree = "<group>";
		};
		30F2A01A1FB302D5000DF2C3 /* Products */ = {
			isa = PBXGroup;
			children = (
				30F2A0191FB302D5000DF2C3 /* LMChart.app */,
			);
			name = Products;
			sourceTree = "<group>";
		};
		30F2A01B1FB302D5000DF2C3 /* LMChart */ = {
			isa = PBXGroup;
			children = (
				30F2A0361FB303FB000DF2C3 /* MarkModel.h */,
				30F2A0371FB303FB000DF2C3 /* MarkModel.m */,
				30F2A0331FB30328000DF2C3 /* PolylineView.h */,
				30F2A0341FB30328000DF2C3 /* PolylineView.m */,
				30F2A01F1FB302D5000DF2C3 /* AppDelegate.h */,
				30F2A0201FB302D5000DF2C3 /* AppDelegate.m */,
				30F2A0221FB302D5000DF2C3 /* ViewController.h */,
				30F2A0231FB302D5000DF2C3 /* ViewController.m */,
				30F2A0251FB302D5000DF2C3 /* Main.storyboard */,
				30F2A0281FB302D5000DF2C3 /* Assets.xcassets */,
				30F2A02A1FB302D5000DF2C3 /* LaunchScreen.storyboard */,
				30F2A02D1FB302D5000DF2C3 /* Info.plist */,
				30F2A01C1FB302D5000DF2C3 /* Supporting Files */,
			);
			path = LMChart;
			sourceTree = "<group>";
		};
		30F2A01C1FB302D5000DF2C3 /* Supporting Files */ = {
			isa = PBXGroup;
			children = (
				30F2A01D1FB302D5000DF2C3 /* main.m */,
			);
			name = "Supporting Files";
			sourceTree = "<group>";
		};
/* End PBXGroup section */

/* Begin PBXNativeTarget section */
		30F2A0181FB302D5000DF2C3 /* LMChart */ = {
			isa = PBXNativeTarget;
			buildConfigurationList = 30F2A0301FB302D5000DF2C3 /* Build configuration list for PBXNativeTarget "LMChart" */;
			buildPhases = (
				30F2A0151FB302D5000DF2C3 /* Sources */,
				30F2A0161FB302D5000DF2C3 /* Frameworks */,
				30F2A0171FB302D5000DF2C3 /* Resources */,
			);
			buildRules = (
			);
			dependencies = (
			);
			name = LMChart;
			productName = LMChart;
			productReference = 30F2A0191FB302D5000DF2C3 /* LMChart.app */;
			productType = "com.apple.product-type.application";
		};
/* End PBXNativeTarget section */

/* Begin PBXProject section */
		30F2A0111FB302D5000DF2C3 /* Project object */ = {
			isa = PBXProject;
			attributes = {
				LastUpgradeCheck = 0800;
				ORGANIZATIONNAME = LM;
				TargetAttributes = {
					30F2A0181FB302D5000DF2C3 = {
						CreatedOnToolsVersion = 8.0;
						ProvisioningStyle = Automatic;
					};
				};
			};
			buildConfigurationList = 30F2A0141FB302D5000DF2C3 /* Build configuration list for PBXProject "LMChart" */;
			compatibilityVersion = "Xcode 3.2";
			developmentRegion = English;
			hasScannedForEncodings = 0;
			knownRegions = (
				en,
				Base,
			);
			mainGroup = 30F2A0101FB302D5000DF2C3;
			productRefGroup = 30F2A01A1FB302D5000DF2C3 /* Products */;
			projectDirPath = "";
			projectRoot = "";
			targets = (
				30F2A0181FB302D5000DF2C3 /* LMChart */,
			);
		};
/* End PBXProject section */

/* Begin PBXResourcesBuildPhase section */
		30F2A0171FB302D5000DF2C3 /* Resources */ = {
			isa = PBXResourcesBuildPhase;
			buildActionMask = 2147483647;
			files = (
				30F2A02C1FB302D5000DF2C3 /* LaunchScreen.storyboard in Resources */,
				30F2A0291FB302D5000DF2C3 /* Assets.xcassets in Resources */,
				30F2A0271FB302D5000DF2C3 /* Main.storyboard in Resources */,
			);
			runOnlyForDeploymentPostprocessing = 0;
		};
/* End PBXResourcesBuildPhase section */

/* Begin PBXSourcesBuildPhase section */
		30F2A0151FB302D5000DF2C3 /* Sources */ = {
			isa = PBXSourcesBuildPhase;
			buildActionMask = 2147483647;
			files = (
				30F2A0351FB30328000DF2C3 /* PolylineView.m in Sources */,
				30F2A0381FB303FB000DF2C3 /* MarkModel.m in Sources */,
				30F2A0241FB302D5000DF2C3 /* ViewController.m in Sources */,
				30F2A0211FB302D5000DF2C3 /* AppDelegate.m in Sources */,
				30F2A01E1FB302D5000DF2C3 /* main.m in Sources */,
			);
			runOnlyForDeploymentPostprocessing = 0;
		};
/* End PBXSourcesBuildPhase section */

/* Begin PBXVariantGroup section */
		30F2A0251FB302D5000DF2C3 /* Main.storyboard */ = {
			isa = PBXVariantGroup;
			children = (
				30F2A0261FB302D5000DF2C3 /* Base */,
			);
			name = Main.storyboard;
			sourceTree = "<group>";
		};
		30F2A02A1FB302D5000DF2C3 /* LaunchScreen.storyboard */ = {
			isa = PBXVariantGroup;
			children = (
				30F2A02B1FB302D5000DF2C3 /* Base */,
			);
			name = LaunchScreen.storyboard;
			sourceTree = "<group>";
		};
/* End PBXVariantGroup section */

/* Begin XCBuildConfiguration section */
		30F2A02E1FB302D5000DF2C3 /* Debug */ = {
			isa = XCBuildConfiguration;
			buildSettings = {
				ALWAYS_SEARCH_USER_PATHS = NO;
				CLANG_ANALYZER_NONNULL = YES;
				CLANG_CXX_LANGUAGE_STANDARD = "gnu++0x";
				CLANG_CXX_LIBRARY = "libc++";
				CLANG_ENABLE_MODULES = YES;
				CLANG_ENABLE_OBJC_ARC = YES;
				CLANG_WARN_BOOL_CONVERSION = YES;
				CLANG_WARN_CONSTANT_CONVERSION = YES;
				CLANG_WARN_DIRECT_OBJC_ISA_USAGE = YES_ERROR;
				CLANG_WARN_DOCUMENTATION_COMMENTS = YES;
				CLANG_WARN_EMPTY_BODY = YES;
				CLANG_WARN_ENUM_CONVERSION = YES;
				CLANG_WARN_INFINITE_RECURSION = YES;
				CLANG_WARN_INT_CONVERSION = YES;
				CLANG_WARN_OBJC_ROOT_CLASS = YES_ERROR;
				CLANG_WARN_SUSPICIOUS_MOVES = YES;
				CLANG_WARN_UNREACHABLE_CODE = YES;
				CLANG_WARN__DUPLICATE_METHOD_MATCH = YES;
				"CODE_SIGN_IDENTITY[sdk=iphoneos*]" = "iPhone Developer";
				COPY_PHASE_STRIP = NO;
				DEBUG_INFORMATION_FORMAT = dwarf;
				ENABLE_STRICT_OBJC_MSGSEND = YES;
				ENABLE_TESTABILITY = YES;
				GCC_C_LANGUAGE_STANDARD = gnu99;
				GCC_DYNAMIC_NO_PIC = NO;
				GCC_NO_COMMON_BLOCKS = YES;
				GCC_OPTIMIZATION_LEVEL = 0;
				GCC_PREPROCESSOR_DEFINITIONS = (
					"DEBUG=1",
					"$(inherited)",
				);
				GCC_WARN_64_TO_32_BIT_CONVERSION = YES;
				GCC_WARN_ABOUT_RETURN_TYPE = YES_ERROR;
				GCC_WARN_UNDECLARED_SELECTOR = YES;
				GCC_WARN_UNINITIALIZED_AUTOS = YES_AGGRESSIVE;
				GCC_WARN_UNUSED_FUNCTION = YES;
				GCC_WARN_UNUSED_VARIABLE = YES;
				IPHONEOS_DEPLOYMENT_TARGET = 10.0;
				MTL_ENABLE_DEBUG_INFO = YES;
				ONLY_ACTIVE_ARCH = YES;
				SDKROOT = iphoneos;
				TARGETED_DEVICE_FAMILY = "1,2";
			};
			name = Debug;
		};
		30F2A02F1FB302D5000DF2C3 /* Release */ = {
			isa = XCBuildConfiguration;
			buildSettings = {
				ALWAYS_SEARCH_USER_PATHS = NO;
				CLANG_ANALYZER_NONNULL = YES;
				CLANG_CXX_LANGUAGE_STANDARD = "gnu++0x";
				CLANG_CXX_LIBRARY = "libc++";
				CLANG_ENABLE_MODULES = YES;
				CLANG_ENABLE_OBJC_ARC = YES;
				CLANG_WARN_BOOL_CONVERSION = YES;
				CLANG_WARN_CONSTANT_CONVERSION = YES;
				CLANG_WARN_DIRECT_OBJC_ISA_USAGE = YES_ERROR;
				CLANG_WARN_DOCUMENTATION_COMMENTS = YES;
				CLANG_WARN_EMPTY_BODY = YES;
				CLANG_WARN_ENUM_CONVERSION = YES;
				CLANG_WARN_INFINITE_RECURSION = YES;
				CLANG_WARN_INT_CONVERSION = YES;
				CLANG_WARN_OBJC_ROOT_CLASS = YES_ERROR;
				CLANG_WARN_SUSPICIOUS_MOVES = YES;
				CLANG_WARN_UNREACHABLE_CODE = YES;
				CLANG_WARN__DUPLICATE_METHOD_MATCH = YES;
				"CODE_SIGN_IDENTITY[sdk=iphoneos*]" = "iPhone Developer";
				COPY_PHASE_STRIP = NO;
				DEBUG_INFORMATION_FORMAT = "dwarf-with-dsym";
				ENABLE_NS_ASSERTIONS = NO;
				ENABLE_STRICT_OBJC_MSGSEND = YES;
				GCC_C_LANGUAGE_STANDARD = gnu99;
				GCC_NO_COMMON_BLOCKS = YES;
				GCC_WARN_64_TO_32_BIT_CONVERSION = YES;
				GCC_WARN_ABOUT_RETURN_TYPE = YES_ERROR;
				GCC_WARN_UNDECLARED_SELECTOR = YES;
				GCC_WARN_UNINITIALIZED_AUTOS = YES_AGGRESSIVE;
				GCC_WARN_UNUSED_FUNCTION = YES;
				GCC_WARN_UNUSED_VARIABLE = YES;
				IPHONEOS_DEPLOYMENT_TARGET = 10.0;
				MTL_ENABLE_DEBUG_INFO = NO;
				SDKROOT = iphoneos;
				TARGETED_DEVICE_FAMILY = "1,2";
				VALIDATE_PRODUCT = YES;
			};
			name = Release;
		};
		30F2A0311FB302D5000DF2C3 /* Debug */ = {
			isa = XCBuildConfiguration;
			buildSettings = {
				ASSETCATALOG_COMPILER_APPICON_NAME = AppIcon;
				INFOPLIST_FILE = LMChart/Info.plist;
				IPHONEOS_DEPLOYMENT_TARGET = 8.1;
				LD_RUNPATH_SEARCH_PATHS = "$(inherited) @executable_path/Frameworks";
				PRODUCT_BUNDLE_IDENTIFIER = fds.LMChart;
				PRODUCT_NAME = "$(TARGET_NAME)";
			};
			name = Debug;
		};
		30F2A0321FB302D5000DF2C3 /* Release */ = {
			isa = XCBuildConfiguration;
			buildSettings = {
				ASSETCATALOG_COMPILER_APPICON_NAME = AppIcon;
				INFOPLIST_FILE = LMChart/Info.plist;
				IPHONEOS_DEPLOYMENT_TARGET = 8.1;
				LD_RUNPATH_SEARCH_PATHS = "$(inherited) @executable_path/Frameworks";
				PRODUCT_BUNDLE_IDENTIFIER = fds.LMChart;
				PRODUCT_NAME = "$(TARGET_NAME)";
			};
			name = Release;
		};
/* End XCBuildConfiguration section */

/* Begin XCConfigurationList section */
		30F2A0141FB302D5000DF2C3 /* Build configuration list for PBXProject "LMChart" */ = {
			isa = XCConfigurationList;
			buildConfigurations = (
				30F2A02E1FB302D5000DF2C3 /* Debug */,
				30F2A02F1FB302D5000DF2C3 /* Release */,
			);
			defaultConfigurationIsVisible = 0;
			defaultConfigurationName = Release;
		};
		30F2A0301FB302D5000DF2C3 /* Build configuration list for PBXNativeTarget "LMChart" */ = {
			isa = XCConfigurationList;
			buildConfigurations = (
				30F2A0311FB302D5000DF2C3 /* Debug */,
				30F2A0321FB302D5000DF2C3 /* Release */,
			);
			defaultConfigurationIsVisible = 0;
		};
/* End XCConfigurationList section */
	};
	rootObject = 30F2A0111FB302D5000DF2C3 /* Project object */;
}
